
Microsoft Visual Studio Solution File, Format Version 12.00
# Visual Studio Version 17
VisualStudioVersion = 17.14.36408.4 d17.14
MinimumVisualStudioVersion = 10.0.40219.1
Project("{8BC9CEB8-8B4A-11D0-8D11-00A0C91BC942}") = "Lab1", "Lab1\Lab1.vcxproj", "{406B673C-2F6C-4E44-BC40-3108416878BA}"
EndProject
Global
	GlobalSection(SolutionConfigurationPlatforms) = preSolution
		Debug|x64 = Debug|x64
		Debug|x86 = Debug|x86
		Release|x64 = Release|x64
		Release|x86 = Release|x86
	EndGlobalSection
	GlobalSection(ProjectConfigurationPlatforms) = postSolution
		{406B673C-2F6C-4E44-BC40-3108416878BA}.Debug|x64.ActiveCfg = Debug|x64
		{406B673C-2F6C-4E44-BC40-3108416878BA}.Debug|x64.Build.0 = Debug|x64
		{406B673C-2F6C-4E44-BC40-3108416878BA}.Debug|x86.ActiveCfg = Debug|Win32
		{406B673C-2F6C-4E44-BC40-3108416878BA}.Debug|x86.Build.0 = Debug|Win32
		{406B673C-2F6C-4E44-BC40-3108416878BA}.Release|x64.ActiveCfg = Release|x64
		{406B673C-2F6C-4E44-BC40-3108416878BA}.Release|x64.Build.0 = Release|x64
		{406B673C-2F6C-4E44-BC40-3108416878BA}.Release|x86.ActiveCfg = Release|Win32
		{406B673C-2F6C-4E44-BC40-3108416878BA}.Release|x86.Build.0 = Release|Win32
	EndGlobalSection
	GlobalSection(SolutionProperties) = preSolution
		HideSolutionNode = FALSE
	EndGlobalSection
	GlobalSection(ExtensibilityGlobals) = postSolution
		SolutionGuid = {30B757A0-C553-459E-B8E1-5320D3156FEA}
	EndGlobalSection
EndGlobal
