
Microsoft Visual Studio Solution File, Format Version 12.00
# Visual Studio Version 17
VisualStudioVersion = 17.14.36408.4 d17.14
MinimumVisualStudioVersion = 10.0.40219.1
Project("{8BC9CEB8-8B4A-11D0-8D11-00A0C91BC942}") = "Chapter4", "Chapter4\Chapter4.vcxproj", "{AA4D15DD-C171-4E23-B512-AE0C886E5318}"
EndProject
Global
	GlobalSection(SolutionConfigurationPlatforms) = preSolution
		Debug|x64 = Debug|x64
		Debug|x86 = Debug|x86
		Release|x64 = Release|x64
		Release|x86 = Release|x86
	EndGlobalSection
	GlobalSection(ProjectConfigurationPlatforms) = postSolution
		{AA4D15DD-C171-4E23-B512-AE0C886E5318}.Debug|x64.ActiveCfg = Debug|x64
		{AA4D15DD-C171-4E23-B512-AE0C886E5318}.Debug|x64.Build.0 = Debug|x64
		{AA4D15DD-C171-4E23-B512-AE0C886E5318}.Debug|x86.ActiveCfg = Debug|Win32
		{AA4D15DD-C171-4E23-B512-AE0C886E5318}.Debug|x86.Build.0 = Debug|Win32
		{AA4D15DD-C171-4E23-B512-AE0C886E5318}.Release|x64.ActiveCfg = Release|x64
		{AA4D15DD-C171-4E23-B512-AE0C886E5318}.Release|x64.Build.0 = Release|x64
		{AA4D15DD-C171-4E23-B512-AE0C886E5318}.Release|x86.ActiveCfg = Release|Win32
		{AA4D15DD-C171-4E23-B512-AE0C886E5318}.Release|x86.Build.0 = Release|Win32
	EndGlobalSection
	GlobalSection(SolutionProperties) = preSolution
		HideSolutionNode = FALSE
	EndGlobalSection
	GlobalSection(ExtensibilityGlobals) = postSolution
		SolutionGuid = {4F6C33C3-700D-425A-A1EE-838D0D270438}
	EndGlobalSection
EndGlobal
