
Microsoft Visual Studio Solution File, Format Version 12.00
# Visual Studio Version 17
VisualStudioVersion = 17.14.36408.4 d17.14
MinimumVisualStudioVersion = 10.0.40219.1
Project("{8BC9CEB8-8B4A-11D0-8D11-00A0C91BC942}") = "Program", "Program\Program.vcxproj", "{12240CC4-5749-4B6F-AA2D-29EC9F1FCCB5}"
EndProject
Global
	GlobalSection(SolutionConfigurationPlatforms) = preSolution
		Debug|x64 = Debug|x64
		Debug|x86 = Debug|x86
		Release|x64 = Release|x64
		Release|x86 = Release|x86
	EndGlobalSection
	GlobalSection(ProjectConfigurationPlatforms) = postSolution
		{12240CC4-5749-4B6F-AA2D-29EC9F1FCCB5}.Debug|x64.ActiveCfg = Debug|x64
		{12240CC4-5749-4B6F-AA2D-29EC9F1FCCB5}.Debug|x64.Build.0 = Debug|x64
		{12240CC4-5749-4B6F-AA2D-29EC9F1FCCB5}.Debug|x86.ActiveCfg = Debug|Win32
		{12240CC4-5749-4B6F-AA2D-29EC9F1FCCB5}.Debug|x86.Build.0 = Debug|Win32
		{12240CC4-5749-4B6F-AA2D-29EC9F1FCCB5}.Release|x64.ActiveCfg = Release|x64
		{12240CC4-5749-4B6F-AA2D-29EC9F1FCCB5}.Release|x64.Build.0 = Release|x64
		{12240CC4-5749-4B6F-AA2D-29EC9F1FCCB5}.Release|x86.ActiveCfg = Release|Win32
		{12240CC4-5749-4B6F-AA2D-29EC9F1FCCB5}.Release|x86.Build.0 = Release|Win32
	EndGlobalSection
	GlobalSection(SolutionProperties) = preSolution
		HideSolutionNode = FALSE
	EndGlobalSection
	GlobalSection(ExtensibilityGlobals) = postSolution
		SolutionGuid = {A96D0248-EB9E-46F4-B5F9-A436ACB8855B}
	EndGlobalSection
EndGlobal
